
Microsoft Visual Studio Solution File, Format Version 12.00
# Visual Studio Version 16
VisualStudioVersion = 16.0.30907.101
MinimumVisualStudioVersion = 10.0.40219.1
Project("{FAE04EC0-301F-11D3-BF4B-00C04F79EFBC}") = "MyContacts", "MyContacts\MyContacts.csproj", "{9DE236F5-9732-45C5-8ADE-C12A9EF5D9B9}"
EndProject
Global
	GlobalSection(SolutionConfigurationPlatforms) = preSolution
		Debug|Any CPU = Debug|Any CPU
		Release|Any CPU = Release|Any CPU
	EndGlobalSection
	GlobalSection(ProjectConfigurationPlatforms) = postSolution
		{9DE236F5-9732-45C5-8ADE-C12A9EF5D9B9}.Debug|Any CPU.ActiveCfg = Debug|Any CPU
		{9DE236F5-9732-45C5-8ADE-C12A9EF5D9B9}.Debug|Any CPU.Build.0 = Debug|Any CPU
		{9DE236F5-9732-45C5-8ADE-C12A9EF5D9B9}.Release|Any CPU.ActiveCfg = Release|Any CPU
		{9DE236F5-9732-45C5-8ADE-C12A9EF5D9B9}.Release|Any CPU.Build.0 = Release|Any CPU
	EndGlobalSection
	GlobalSection(SolutionProperties) = preSolution
		HideSolutionNode = FALSE
	EndGlobalSection
	GlobalSection(ExtensibilityGlobals) = postSolution
		SolutionGuid = {6ECB534D-8101-496A-AA0E-80B84F68F682}
	EndGlobalSection
EndGlobal
